// !$*UTF8*$!
{
	archiveVersion = 1;
	classes = {
	};
	objectVersion = 46;
	objects = {

/* Begin PBXAggregateTarget section */
		"LocalDiscStorage::LocalDiscStoragePackageTests::ProductTarget" /* LocalDiscStoragePackageTests */ = {
			isa = PBXAggregateTarget;
			buildConfigurationList = OBJ_46 /* Build configuration list for PBXAggregateTarget "LocalDiscStoragePackageTests" */;
			buildPhases = (
			);
			dependencies = (
				OBJ_49 /* PBXTargetDependency */,
			);
			name = LocalDiscStoragePackageTests;
			productName = LocalDiscStoragePackageTests;
		};
/* End PBXAggregateTarget section */

/* Begin PBXBuildFile section */
		OBJ_29 /* CodableAny.swift in Sources */ = {isa = PBXBuildFile; fileRef = OBJ_9 /* CodableAny.swift */; };
		OBJ_30 /* DataExtensions.swift in Sources */ = {isa = PBXBuildFile; fileRef = OBJ_10 /* DataExtensions.swift */; };
		OBJ_31 /* FileStorageHandler.swift in Sources */ = {isa = PBXBuildFile; fileRef = OBJ_11 /* FileStorageHandler.swift */; };
		OBJ_32 /* IdentifierGenerator.swift in Sources */ = {isa = PBXBuildFile; fileRef = OBJ_12 /* IdentifierGenerator.swift */; };
		OBJ_33 /* IndexFileHandler.swift in Sources */ = {isa = PBXBuildFile; fileRef = OBJ_13 /* IndexFileHandler.swift */; };
		OBJ_34 /* LocalDiscStorage.swift in Sources */ = {isa = PBXBuildFile; fileRef = OBJ_14 /* LocalDiscStorage.swift */; };
		OBJ_35 /* StorageIndex.swift in Sources */ = {isa = PBXBuildFile; fileRef = OBJ_15 /* StorageIndex.swift */; };
		OBJ_36 /* StorageValue.swift in Sources */ = {isa = PBXBuildFile; fileRef = OBJ_16 /* StorageValue.swift */; };
		OBJ_37 /* StringExtensions.swift in Sources */ = {isa = PBXBuildFile; fileRef = OBJ_17 /* StringExtensions.swift */; };
		OBJ_44 /* Package.swift in Sources */ = {isa = PBXBuildFile; fileRef = OBJ_6 /* Package.swift */; };
		OBJ_55 /* LocalDiscStorageTests.swift in Sources */ = {isa = PBXBuildFile; fileRef = OBJ_20 /* LocalDiscStorageTests.swift */; };
		OBJ_57 /* LocalDiscStorage.framework in Frameworks */ = {isa = PBXBuildFile; fileRef = "LocalDiscStorage::LocalDiscStorage::Product" /* LocalDiscStorage.framework */; };
/* End PBXBuildFile section */

/* Begin PBXContainerItemProxy section */
		10740C5220B19D2500F05D54 /* PBXContainerItemProxy */ = {
			isa = PBXContainerItemProxy;
			containerPortal = OBJ_1 /* Project object */;
			proxyType = 1;
			remoteGlobalIDString = "LocalDiscStorage::LocalDiscStorage";
			remoteInfo = LocalDiscStorage;
		};
		10740C5320B19D2600F05D54 /* PBXContainerItemProxy */ = {
			isa = PBXContainerItemProxy;
			containerPortal = OBJ_1 /* Project object */;
			proxyType = 1;
			remoteGlobalIDString = "LocalDiscStorage::LocalDiscStorageTests";
			remoteInfo = LocalDiscStorageTests;
		};
/* End PBXContainerItemProxy section */

/* Begin PBXFileReference section */
		"LocalDiscStorage::LocalDiscStorage::Product" /* LocalDiscStorage.framework */ = {isa = PBXFileReference; explicitFileType = wrapper.framework; path = LocalDiscStorage.framework; sourceTree = BUILT_PRODUCTS_DIR; };
		"LocalDiscStorage::LocalDiscStorageTests::Product" /* LocalDiscStorageTests.xctest */ = {isa = PBXFileReference; lastKnownFileType = file; path = LocalDiscStorageTests.xctest; sourceTree = BUILT_PRODUCTS_DIR; };
		OBJ_10 /* DataExtensions.swift */ = {isa = PBXFileReference; lastKnownFileType = sourcecode.swift; path = DataExtensions.swift; sourceTree = "<group>"; };
		OBJ_11 /* FileStorageHandler.swift */ = {isa = PBXFileReference; lastKnownFileType = sourcecode.swift; path = FileStorageHandler.swift; sourceTree = "<group>"; };
		OBJ_12 /* IdentifierGenerator.swift */ = {isa = PBXFileReference; lastKnownFileType = sourcecode.swift; path = IdentifierGenerator.swift; sourceTree = "<group>"; };
		OBJ_13 /* IndexFileHandler.swift */ = {isa = PBXFileReference; lastKnownFileType = sourcecode.swift; path = IndexFileHandler.swift; sourceTree = "<group>"; };
		OBJ_14 /* LocalDiscStorage.swift */ = {isa = PBXFileReference; lastKnownFileType = sourcecode.swift; path = LocalDiscStorage.swift; sourceTree = "<group>"; };
		OBJ_15 /* StorageIndex.swift */ = {isa = PBXFileReference; lastKnownFileType = sourcecode.swift; path = StorageIndex.swift; sourceTree = "<group>"; };
		OBJ_16 /* StorageValue.swift */ = {isa = PBXFileReference; lastKnownFileType = sourcecode.swift; path = StorageValue.swift; sourceTree = "<group>"; };
		OBJ_17 /* StringExtensions.swift */ = {isa = PBXFileReference; lastKnownFileType = sourcecode.swift; path = StringExtensions.swift; sourceTree = "<group>"; };
		OBJ_20 /* LocalDiscStorageTests.swift */ = {isa = PBXFileReference; lastKnownFileType = sourcecode.swift; path = LocalDiscStorageTests.swift; sourceTree = "<group>"; };
		OBJ_6 /* Package.swift */ = {isa = PBXFileReference; explicitFileType = sourcecode.swift; path = Package.swift; sourceTree = "<group>"; };
		OBJ_9 /* CodableAny.swift */ = {isa = PBXFileReference; lastKnownFileType = sourcecode.swift; path = CodableAny.swift; sourceTree = "<group>"; };
/* End PBXFileReference section */

/* Begin PBXFrameworksBuildPhase section */
		OBJ_38 /* Frameworks */ = {
			isa = PBXFrameworksBuildPhase;
			buildActionMask = 0;
			files = (
			);
			runOnlyForDeploymentPostprocessing = 0;
		};
		OBJ_56 /* Frameworks */ = {
			isa = PBXFrameworksBuildPhase;
			buildActionMask = 0;
			files = (
				OBJ_57 /* LocalDiscStorage.framework in Frameworks */,
			);
			runOnlyForDeploymentPostprocessing = 0;
		};
/* End PBXFrameworksBuildPhase section */

/* Begin PBXGroup section */
		OBJ_18 /* Tests */ = {
			isa = PBXGroup;
			children = (
				OBJ_19 /* LocalDiscStorageTests */,
			);
			name = Tests;
			sourceTree = SOURCE_ROOT;
		};
		OBJ_19 /* LocalDiscStorageTests */ = {
			isa = PBXGroup;
			children = (
				OBJ_20 /* LocalDiscStorageTests.swift */,
			);
			name = LocalDiscStorageTests;
			path = Tests/LocalDiscStorageTests;
			sourceTree = SOURCE_ROOT;
		};
		OBJ_21 /* Products */ = {
			isa = PBXGroup;
			children = (
				"LocalDiscStorage::LocalDiscStorageTests::Product" /* LocalDiscStorageTests.xctest */,
				"LocalDiscStorage::LocalDiscStorage::Product" /* LocalDiscStorage.framework */,
			);
			name = Products;
			sourceTree = BUILT_PRODUCTS_DIR;
		};
		OBJ_5 /*  */ = {
			isa = PBXGroup;
			children = (
				OBJ_6 /* Package.swift */,
				OBJ_7 /* Sources */,
				OBJ_18 /* Tests */,
				OBJ_21 /* Products */,
			);
			name = "";
			sourceTree = "<group>";
		};
		OBJ_7 /* Sources */ = {
			isa = PBXGroup;
			children = (
				OBJ_8 /* LocalDiscStorage */,
			);
			name = Sources;
			sourceTree = SOURCE_ROOT;
		};
		OBJ_8 /* LocalDiscStorage */ = {
			isa = PBXGroup;
			children = (
				OBJ_9 /* CodableAny.swift */,
				OBJ_10 /* DataExtensions.swift */,
				OBJ_11 /* FileStorageHandler.swift */,
				OBJ_12 /* IdentifierGenerator.swift */,
				OBJ_13 /* IndexFileHandler.swift */,
				OBJ_14 /* LocalDiscStorage.swift */,
				OBJ_15 /* StorageIndex.swift */,
				OBJ_16 /* StorageValue.swift */,
				OBJ_17 /* StringExtensions.swift */,
			);
			name = LocalDiscStorage;
			path = Sources/LocalDiscStorage;
			sourceTree = SOURCE_ROOT;
		};
/* End PBXGroup section */

/* Begin PBXNativeTarget section */
		"LocalDiscStorage::LocalDiscStorage" /* LocalDiscStorage */ = {
			isa = PBXNativeTarget;
			buildConfigurationList = OBJ_25 /* Build configuration list for PBXNativeTarget "LocalDiscStorage" */;
			buildPhases = (
				OBJ_28 /* Sources */,
				OBJ_38 /* Frameworks */,
			);
			buildRules = (
			);
			dependencies = (
			);
			name = LocalDiscStorage;
			productName = LocalDiscStorage;
			productReference = "LocalDiscStorage::LocalDiscStorage::Product" /* LocalDiscStorage.framework */;
			productType = "com.apple.product-type.framework";
		};
		"LocalDiscStorage::LocalDiscStorageTests" /* LocalDiscStorageTests */ = {
			isa = PBXNativeTarget;
			buildConfigurationList = OBJ_51 /* Build configuration list for PBXNativeTarget "LocalDiscStorageTests" */;
			buildPhases = (
				OBJ_54 /* Sources */,
				OBJ_56 /* Frameworks */,
			);
			buildRules = (
			);
			dependencies = (
				OBJ_58 /* PBXTargetDependency */,
			);
			name = LocalDiscStorageTests;
			productName = LocalDiscStorageTests;
			productReference = "LocalDiscStorage::LocalDiscStorageTests::Product" /* LocalDiscStorageTests.xctest */;
			productType = "com.apple.product-type.bundle.unit-test";
		};
		"LocalDiscStorage::SwiftPMPackageDescription" /* LocalDiscStoragePackageDescription */ = {
			isa = PBXNativeTarget;
			buildConfigurationList = OBJ_40 /* Build configuration list for PBXNativeTarget "LocalDiscStoragePackageDescription" */;
			buildPhases = (
				OBJ_43 /* Sources */,
			);
			buildRules = (
			);
			dependencies = (
			);
			name = LocalDiscStoragePackageDescription;
			productName = LocalDiscStoragePackageDescription;
			productType = "com.apple.product-type.framework";
		};
/* End PBXNativeTarget section */

/* Begin PBXProject section */
		OBJ_1 /* Project object */ = {
			isa = PBXProject;
			attributes = {
				LastUpgradeCheck = 9999;
			};
			buildConfigurationList = OBJ_2 /* Build configuration list for PBXProject "LocalDiscStorage" */;
			compatibilityVersion = "Xcode 3.2";
			developmentRegion = English;
			hasScannedForEncodings = 0;
			knownRegions = (
				en,
			);
			mainGroup = OBJ_5 /*  */;
			productRefGroup = OBJ_21 /* Products */;
			projectDirPath = "";
			projectRoot = "";
			targets = (
				"LocalDiscStorage::LocalDiscStorage" /* LocalDiscStorage */,
				"LocalDiscStorage::SwiftPMPackageDescription" /* LocalDiscStoragePackageDescription */,
				"LocalDiscStorage::LocalDiscStoragePackageTests::ProductTarget" /* LocalDiscStoragePackageTests */,
				"LocalDiscStorage::LocalDiscStorageTests" /* LocalDiscStorageTests */,
			);
		};
/* End PBXProject section */

/* Begin PBXSourcesBuildPhase section */
		OBJ_28 /* Sources */ = {
			isa = PBXSourcesBuildPhase;
			buildActionMask = 0;
			files = (
				OBJ_29 /* CodableAny.swift in Sources */,
				OBJ_30 /* DataExtensions.swift in Sources */,
				OBJ_31 /* FileStorageHandler.swift in Sources */,
				OBJ_32 /* IdentifierGenerator.swift in Sources */,
				OBJ_33 /* IndexFileHandler.swift in Sources */,
				OBJ_34 /* LocalDiscStorage.swift in Sources */,
				OBJ_35 /* StorageIndex.swift in Sources */,
				OBJ_36 /* StorageValue.swift in Sources */,
				OBJ_37 /* StringExtensions.swift in Sources */,
			);
			runOnlyForDeploymentPostprocessing = 0;
		};
		OBJ_43 /* Sources */ = {
			isa = PBXSourcesBuildPhase;
			buildActionMask = 0;
			files = (
				OBJ_44 /* Package.swift in Sources */,
			);
			runOnlyForDeploymentPostprocessing = 0;
		};
		OBJ_54 /* Sources */ = {
			isa = PBXSourcesBuildPhase;
			buildActionMask = 0;
			files = (
				OBJ_55 /* LocalDiscStorageTests.swift in Sources */,
			);
			runOnlyForDeploymentPostprocessing = 0;
		};
/* End PBXSourcesBuildPhase section */

/* Begin PBXTargetDependency section */
		OBJ_49 /* PBXTargetDependency */ = {
			isa = PBXTargetDependency;
			target = "LocalDiscStorage::LocalDiscStorageTests" /* LocalDiscStorageTests */;
			targetProxy = 10740C5320B19D2600F05D54 /* PBXContainerItemProxy */;
		};
		OBJ_58 /* PBXTargetDependency */ = {
			isa = PBXTargetDependency;
			target = "LocalDiscStorage::LocalDiscStorage" /* LocalDiscStorage */;
			targetProxy = 10740C5220B19D2500F05D54 /* PBXContainerItemProxy */;
		};
/* End PBXTargetDependency section */

/* Begin XCBuildConfiguration section */
		OBJ_26 /* Debug */ = {
			isa = XCBuildConfiguration;
			buildSettings = {
				ENABLE_TESTABILITY = YES;
				FRAMEWORK_SEARCH_PATHS = (
					"$(inherited)",
					"$(PLATFORM_DIR)/Developer/Library/Frameworks",
				);
				HEADER_SEARCH_PATHS = "$(inherited)";
				INFOPLIST_FILE = LocalDiscStorage.xcodeproj/LocalDiscStorage_Info.plist;
				LD_RUNPATH_SEARCH_PATHS = "$(inherited) $(TOOLCHAIN_DIR)/usr/lib/swift/macosx";
				OTHER_CFLAGS = "$(inherited)";
				OTHER_LDFLAGS = "$(inherited)";
				OTHER_SWIFT_FLAGS = "$(inherited)";
				PRODUCT_BUNDLE_IDENTIFIER = LocalDiscStorage;
				PRODUCT_MODULE_NAME = "$(TARGET_NAME:c99extidentifier)";
				PRODUCT_NAME = "$(TARGET_NAME:c99extidentifier)";
				SKIP_INSTALL = YES;
				SWIFT_VERSION = 4.0;
				TARGET_NAME = LocalDiscStorage;
			};
			name = Debug;
		};
		OBJ_27 /* Release */ = {
			isa = XCBuildConfiguration;
			buildSettings = {
				ENABLE_TESTABILITY = YES;
				FRAMEWORK_SEARCH_PATHS = (
					"$(inherited)",
					"$(PLATFORM_DIR)/Developer/Library/Frameworks",
				);
				HEADER_SEARCH_PATHS = "$(inherited)";
				INFOPLIST_FILE = LocalDiscStorage.xcodeproj/LocalDiscStorage_Info.plist;
				LD_RUNPATH_SEARCH_PATHS = "$(inherited) $(TOOLCHAIN_DIR)/usr/lib/swift/macosx";
				OTHER_CFLAGS = "$(inherited)";
				OTHER_LDFLAGS = "$(inherited)";
				OTHER_SWIFT_FLAGS = "$(inherited)";
				PRODUCT_BUNDLE_IDENTIFIER = LocalDiscStorage;
				PRODUCT_MODULE_NAME = "$(TARGET_NAME:c99extidentifier)";
				PRODUCT_NAME = "$(TARGET_NAME:c99extidentifier)";
				SKIP_INSTALL = YES;
				SWIFT_VERSION = 4.0;
				TARGET_NAME = LocalDiscStorage;
			};
			name = Release;
		};
		OBJ_3 /* Debug */ = {
			isa = XCBuildConfiguration;
			buildSettings = {
				CLANG_ENABLE_OBJC_ARC = YES;
				COMBINE_HIDPI_IMAGES = YES;
				COPY_PHASE_STRIP = NO;
				DEBUG_INFORMATION_FORMAT = dwarf;
				DYLIB_INSTALL_NAME_BASE = "@rpath";
				ENABLE_NS_ASSERTIONS = YES;
				GCC_OPTIMIZATION_LEVEL = 0;
				MACOSX_DEPLOYMENT_TARGET = 10.10;
				ONLY_ACTIVE_ARCH = YES;
				OTHER_SWIFT_FLAGS = "-DXcode";
				PRODUCT_NAME = "$(TARGET_NAME)";
				SDKROOT = macosx;
				SUPPORTED_PLATFORMS = "macosx iphoneos iphonesimulator appletvos appletvsimulator watchos watchsimulator";
				SWIFT_ACTIVE_COMPILATION_CONDITIONS = SWIFT_PACKAGE;
				SWIFT_OPTIMIZATION_LEVEL = "-Onone";
				USE_HEADERMAP = NO;
			};
			name = Debug;
		};
		OBJ_4 /* Release */ = {
			isa = XCBuildConfiguration;
			buildSettings = {
				CLANG_ENABLE_OBJC_ARC = YES;
				COMBINE_HIDPI_IMAGES = YES;
				COPY_PHASE_STRIP = YES;
				DEBUG_INFORMATION_FORMAT = "dwarf-with-dsym";
				DYLIB_INSTALL_NAME_BASE = "@rpath";
				GCC_OPTIMIZATION_LEVEL = s;
				MACOSX_DEPLOYMENT_TARGET = 10.10;
				OTHER_SWIFT_FLAGS = "-DXcode";
				PRODUCT_NAME = "$(TARGET_NAME)";
				SDKROOT = macosx;
				SUPPORTED_PLATFORMS = "macosx iphoneos iphonesimulator appletvos appletvsimulator watchos watchsimulator";
				SWIFT_ACTIVE_COMPILATION_CONDITIONS = SWIFT_PACKAGE;
				SWIFT_OPTIMIZATION_LEVEL = "-Owholemodule";
				USE_HEADERMAP = NO;
			};
			name = Release;
		};
		OBJ_41 /* Debug */ = {
			isa = XCBuildConfiguration;
			buildSettings = {
				LD = /usr/bin/true;
				OTHER_SWIFT_FLAGS = "-swift-version 4 -I $(TOOLCHAIN_DIR)/usr/lib/swift/pm/4 -target x86_64-apple-macosx10.10 -sdk /Applications/Xcode.app/Contents/Developer/Platforms/MacOSX.platform/Developer/SDKs/MacOSX10.13.sdk";
				SWIFT_VERSION = 4.0;
			};
			name = Debug;
		};
		OBJ_42 /* Release */ = {
			isa = XCBuildConfiguration;
			buildSettings = {
				LD = /usr/bin/true;
				OTHER_SWIFT_FLAGS = "-swift-version 4 -I $(TOOLCHAIN_DIR)/usr/lib/swift/pm/4 -target x86_64-apple-macosx10.10 -sdk /Applications/Xcode.app/Contents/Developer/Platforms/MacOSX.platform/Developer/SDKs/MacOSX10.13.sdk";
				SWIFT_VERSION = 4.0;
			};
			name = Release;
		};
		OBJ_47 /* Debug */ = {
			isa = XCBuildConfiguration;
			buildSettings = {
			};
			name = Debug;
		};
		OBJ_48 /* Release */ = {
			isa = XCBuildConfiguration;
			buildSettings = {
			};
			name = Release;
		};
		OBJ_52 /* Debug */ = {
			isa = XCBuildConfiguration;
			buildSettings = {
				EMBEDDED_CONTENT_CONTAINS_SWIFT = YES;
				FRAMEWORK_SEARCH_PATHS = (
					"$(inherited)",
					"$(PLATFORM_DIR)/Developer/Library/Frameworks",
				);
				HEADER_SEARCH_PATHS = "$(inherited)";
				INFOPLIST_FILE = LocalDiscStorage.xcodeproj/LocalDiscStorageTests_Info.plist;
				LD_RUNPATH_SEARCH_PATHS = "$(inherited) @loader_path/../Frameworks @loader_path/Frameworks";
				OTHER_CFLAGS = "$(inherited)";
				OTHER_LDFLAGS = "$(inherited)";
				OTHER_SWIFT_FLAGS = "$(inherited)";
				SWIFT_VERSION = 4.0;
				TARGET_NAME = LocalDiscStorageTests;
			};
			name = Debug;
		};
		OBJ_53 /* Release */ = {
			isa = XCBuildConfiguration;
			buildSettings = {
				EMBEDDED_CONTENT_CONTAINS_SWIFT = YES;
				FRAMEWORK_SEARCH_PATHS = (
					"$(inherited)",
					"$(PLATFORM_DIR)/Developer/Library/Frameworks",
				);
				HEADER_SEARCH_PATHS = "$(inherited)";
				INFOPLIST_FILE = LocalDiscStorage.xcodeproj/LocalDiscStorageTests_Info.plist;
				LD_RUNPATH_SEARCH_PATHS = "$(inherited) @loader_path/../Frameworks @loader_path/Frameworks";
				OTHER_CFLAGS = "$(inherited)";
				OTHER_LDFLAGS = "$(inherited)";
				OTHER_SWIFT_FLAGS = "$(inherited)";
				SWIFT_VERSION = 4.0;
				TARGET_NAME = LocalDiscStorageTests;
			};
			name = Release;
		};
/* End XCBuildConfiguration section */

/* Begin XCConfigurationList section */
		OBJ_2 /* Build configuration list for PBXProject "LocalDiscStorage" */ = {
			isa = XCConfigurationList;
			buildConfigurations = (
				OBJ_3 /* Debug */,
				OBJ_4 /* Release */,
			);
			defaultConfigurationIsVisible = 0;
			defaultConfigurationName = Release;
		};
		OBJ_25 /* Build configuration list for PBXNativeTarget "LocalDiscStorage" */ = {
			isa = XCConfigurationList;
			buildConfigurations = (
				OBJ_26 /* Debug */,
				OBJ_27 /* Release */,
			);
			defaultConfigurationIsVisible = 0;
			defaultConfigurationName = Release;
		};
		OBJ_40 /* Build configuration list for PBXNativeTarget "LocalDiscStoragePackageDescription" */ = {
			isa = XCConfigurationList;
			buildConfigurations = (
				OBJ_41 /* Debug */,
				OBJ_42 /* Release */,
			);
			defaultConfigurationIsVisible = 0;
			defaultConfigurationName = Release;
		};
		OBJ_46 /* Build configuration list for PBXAggregateTarget "LocalDiscStoragePackageTests" */ = {
			isa = XCConfigurationList;
			buildConfigurations = (
				OBJ_47 /* Debug */,
				OBJ_48 /* Release */,
			);
			defaultConfigurationIsVisible = 0;
			defaultConfigurationName = Release;
		};
		OBJ_51 /* Build configuration list for PBXNativeTarget "LocalDiscStorageTests" */ = {
			isa = XCConfigurationList;
			buildConfigurations = (
				OBJ_52 /* Debug */,
				OBJ_53 /* Release */,
			);
			defaultConfigurationIsVisible = 0;
			defaultConfigurationName = Release;
		};
/* End XCConfigurationList section */
	};
	rootObject = OBJ_1 /* Project object */;
}
